
Microsoft Visual Studio Solution File, Format Version 12.00
# Visual Studio 15
VisualStudioVersion = 15.0.26430.16
MinimumVisualStudioVersion = 10.0.40219.1
Project("{FAE04EC0-301F-11D3-BF4B-00C04F79EFBC}") = "XrnCourse.CustomFonts.Android", "XrnCourse.CustomFonts\XrnCourse.CustomFonts.Android\XrnCourse.CustomFonts.Android.csproj", "{7D9322ED-DEF8-42DE-9BD7-7AFBF8FBC92B}"
EndProject
Project("{FAE04EC0-301F-11D3-BF4B-00C04F79EFBC}") = "XrnCourse.CustomFonts", "XrnCourse.CustomFonts\XrnCourse.CustomFonts\XrnCourse.CustomFonts.csproj", "{27EA3C65-A193-4CBD-9AD2-1E0BDAB0C922}"
EndProject
Project("{FAE04EC0-301F-11D3-BF4B-00C04F79EFBC}") = "XrnCourse.CustomFonts.UWP", "XrnCourse.CustomFonts\XrnCourse.CustomFonts.UWP\XrnCourse.CustomFonts.UWP.csproj", "{5103F62B-4783-40B6-A038-8BE7EB1D8FB3}"
EndProject
Project("{FAE04EC0-301F-11D3-BF4B-00C04F79EFBC}") = "XrnCourse.CustomFonts.iOS", "XrnCourse.CustomFonts\XrnCourse.CustomFonts.iOS\XrnCourse.CustomFonts.iOS.csproj", "{06D3CBAC-92BF-4942-A125-122F9B704DEC}"
EndProject
Global
	GlobalSection(SolutionConfigurationPlatforms) = preSolution
		Ad-Hoc|Any CPU = Ad-Hoc|Any CPU
		Ad-Hoc|ARM = Ad-Hoc|ARM
		Ad-Hoc|iPhone = Ad-Hoc|iPhone
		Ad-Hoc|iPhoneSimulator = Ad-Hoc|iPhoneSimulator
		Ad-Hoc|x64 = Ad-Hoc|x64
		Ad-Hoc|x86 = Ad-Hoc|x86
		AppStore|Any CPU = AppStore|Any CPU
		AppStore|ARM = AppStore|ARM
		AppStore|iPhone = AppStore|iPhone
		AppStore|iPhoneSimulator = AppStore|iPhoneSimulator
		AppStore|x64 = AppStore|x64
		AppStore|x86 = AppStore|x86
		Debug|Any CPU = Debug|Any CPU
		Debug|ARM = Debug|ARM
		Debug|iPhone = Debug|iPhone
		Debug|iPhoneSimulator = Debug|iPhoneSimulator
		Debug|x64 = Debug|x64
		Debug|x86 = Debug|x86
		Release|Any CPU = Release|Any CPU
		Release|ARM = Release|ARM
		Release|iPhone = Release|iPhone
		Release|iPhoneSimulator = Release|iPhoneSimulator
		Release|x64 = Release|x64
		Release|x86 = Release|x86
	EndGlobalSection
	GlobalSection(ProjectConfigurationPlatforms) = postSolution
		{7D9322ED-DEF8-42DE-9BD7-7AFBF8FBC92B}.Ad-Hoc|Any CPU.ActiveCfg = Release|Any CPU
		{7D9322ED-DEF8-42DE-9BD7-7AFBF8FBC92B}.Ad-Hoc|Any CPU.Build.0 = Release|Any CPU
		{7D9322ED-DEF8-42DE-9BD7-7AFBF8FBC92B}.Ad-Hoc|Any CPU.Deploy.0 = Release|Any CPU
		{7D9322ED-DEF8-42DE-9BD7-7AFBF8FBC92B}.Ad-Hoc|ARM.ActiveCfg = Release|Any CPU
		{7D9322ED-DEF8-42DE-9BD7-7AFBF8FBC92B}.Ad-Hoc|ARM.Build.0 = Release|Any CPU
		{7D9322ED-DEF8-42DE-9BD7-7AFBF8FBC92B}.Ad-Hoc|ARM.Deploy.0 = Release|Any CPU
		{7D9322ED-DEF8-42DE-9BD7-7AFBF8FBC92B}.Ad-Hoc|iPhone.ActiveCfg = Release|Any CPU
		{7D9322ED-DEF8-42DE-9BD7-7AFBF8FBC92B}.Ad-Hoc|iPhone.Build.0 = Release|Any CPU
		{7D9322ED-DEF8-42DE-9BD7-7AFBF8FBC92B}.Ad-Hoc|iPhone.Deploy.0 = Release|Any CPU
		{7D9322ED-DEF8-42DE-9BD7-7AFBF8FBC92B}.Ad-Hoc|iPhoneSimulator.ActiveCfg = Release|Any CPU
		{7D9322ED-DEF8-42DE-9BD7-7AFBF8FBC92B}.Ad-Hoc|iPhoneSimulator.Build.0 = Release|Any CPU
		{7D9322ED-DEF8-42DE-9BD7-7AFBF8FBC92B}.Ad-Hoc|iPhoneSimulator.Deploy.0 = Release|Any CPU
		{7D9322ED-DEF8-42DE-9BD7-7AFBF8FBC92B}.Ad-Hoc|x64.ActiveCfg = Release|Any CPU
		{7D9322ED-DEF8-42DE-9BD7-7AFBF8FBC92B}.Ad-Hoc|x64.Build.0 = Release|Any CPU
		{7D9322ED-DEF8-42DE-9BD7-7AFBF8FBC92B}.Ad-Hoc|x64.Deploy.0 = Release|Any CPU
		{7D9322ED-DEF8-42DE-9BD7-7AFBF8FBC92B}.Ad-Hoc|x86.ActiveCfg = Release|Any CPU
		{7D9322ED-DEF8-42DE-9BD7-7AFBF8FBC92B}.Ad-Hoc|x86.Build.0 = Release|Any CPU
		{7D9322ED-DEF8-42DE-9BD7-7AFBF8FBC92B}.Ad-Hoc|x86.Deploy.0 = Release|Any CPU
		{7D9322ED-DEF8-42DE-9BD7-7AFBF8FBC92B}.AppStore|Any CPU.ActiveCfg = Release|Any CPU
		{7D9322ED-DEF8-42DE-9BD7-7AFBF8FBC92B}.AppStore|Any CPU.Build.0 = Release|Any CPU
		{7D9322ED-DEF8-42DE-9BD7-7AFBF8FBC92B}.AppStore|Any CPU.Deploy.0 = Release|Any CPU
		{7D9322ED-DEF8-42DE-9BD7-7AFBF8FBC92B}.AppStore|ARM.ActiveCfg = Release|Any CPU
		{7D9322ED-DEF8-42DE-9BD7-7AFBF8FBC92B}.AppStore|ARM.Build.0 = Release|Any CPU
		{7D9322ED-DEF8-42DE-9BD7-7AFBF8FBC92B}.AppStore|ARM.Deploy.0 = Release|Any CPU
		{7D9322ED-DEF8-42DE-9BD7-7AFBF8FBC92B}.AppStore|iPhone.ActiveCfg = Release|Any CPU
		{7D9322ED-DEF8-42DE-9BD7-7AFBF8FBC92B}.AppStore|iPhone.Build.0 = Release|Any CPU
		{7D9322ED-DEF8-42DE-9BD7-7AFBF8FBC92B}.AppStore|iPhone.Deploy.0 = Release|Any CPU
		{7D9322ED-DEF8-42DE-9BD7-7AFBF8FBC92B}.AppStore|iPhoneSimulator.ActiveCfg = Release|Any CPU
		{7D9322ED-DEF8-42DE-9BD7-7AFBF8FBC92B}.AppStore|iPhoneSimulator.Build.0 = Release|Any CPU
		{7D9322ED-DEF8-42DE-9BD7-7AFBF8FBC92B}.AppStore|iPhoneSimulator.Deploy.0 = Release|Any CPU
		{7D9322ED-DEF8-42DE-9BD7-7AFBF8FBC92B}.AppStore|x64.ActiveCfg = Release|Any CPU
		{7D9322ED-DEF8-42DE-9BD7-7AFBF8FBC92B}.AppStore|x64.Build.0 = Release|Any CPU
		{7D9322ED-DEF8-42DE-9BD7-7AFBF8FBC92B}.AppStore|x64.Deploy.0 = Release|Any CPU
		{7D9322ED-DEF8-42DE-9BD7-7AFBF8FBC92B}.AppStore|x86.ActiveCfg = Release|Any CPU
		{7D9322ED-DEF8-42DE-9BD7-7AFBF8FBC92B}.AppStore|x86.Build.0 = Release|Any CPU
		{7D9322ED-DEF8-42DE-9BD7-7AFBF8FBC92B}.AppStore|x86.Deploy.0 = Release|Any CPU
		{7D9322ED-DEF8-42DE-9BD7-7AFBF8FBC92B}.Debug|Any CPU.ActiveCfg = Debug|Any CPU
		{7D9322ED-DEF8-42DE-9BD7-7AFBF8FBC92B}.Debug|Any CPU.Build.0 = Debug|Any CPU
		{7D9322ED-DEF8-42DE-9BD7-7AFBF8FBC92B}.Debug|Any CPU.Deploy.0 = Debug|Any CPU
		{7D9322ED-DEF8-42DE-9BD7-7AFBF8FBC92B}.Debug|ARM.ActiveCfg = Debug|Any CPU
		{7D9322ED-DEF8-42DE-9BD7-7AFBF8FBC92B}.Debug|ARM.Build.0 = Debug|Any CPU
		{7D9322ED-DEF8-42DE-9BD7-7AFBF8FBC92B}.Debug|ARM.Deploy.0 = Debug|Any CPU
		{7D9322ED-DEF8-42DE-9BD7-7AFBF8FBC92B}.Debug|iPhone.ActiveCfg = Debug|Any CPU
		{7D9322ED-DEF8-42DE-9BD7-7AFBF8FBC92B}.Debug|iPhone.Build.0 = Debug|Any CPU
		{7D9322ED-DEF8-42DE-9BD7-7AFBF8FBC92B}.Debug|iPhone.Deploy.0 = Debug|Any CPU
		{7D9322ED-DEF8-42DE-9BD7-7AFBF8FBC92B}.Debug|iPhoneSimulator.ActiveCfg = Debug|Any CPU
		{7D9322ED-DEF8-42DE-9BD7-7AFBF8FBC92B}.Debug|iPhoneSimulator.Build.0 = Debug|Any CPU
		{7D9322ED-DEF8-42DE-9BD7-7AFBF8FBC92B}.Debug|iPhoneSimulator.Deploy.0 = Debug|Any CPU
		{7D9322ED-DEF8-42DE-9BD7-7AFBF8FBC92B}.Debug|x64.ActiveCfg = Debug|Any CPU
		{7D9322ED-DEF8-42DE-9BD7-7AFBF8FBC92B}.Debug|x64.Build.0 = Debug|Any CPU
		{7D9322ED-DEF8-42DE-9BD7-7AFBF8FBC92B}.Debug|x64.Deploy.0 = Debug|Any CPU
		{7D9322ED-DEF8-42DE-9BD7-7AFBF8FBC92B}.Debug|x86.ActiveCfg = Debug|Any CPU
		{7D9322ED-DEF8-42DE-9BD7-7AFBF8FBC92B}.Debug|x86.Build.0 = Debug|Any CPU
		{7D9322ED-DEF8-42DE-9BD7-7AFBF8FBC92B}.Debug|x86.Deploy.0 = Debug|Any CPU
		{7D9322ED-DEF8-42DE-9BD7-7AFBF8FBC92B}.Release|Any CPU.ActiveCfg = Release|Any CPU
		{7D9322ED-DEF8-42DE-9BD7-7AFBF8FBC92B}.Release|Any CPU.Build.0 = Release|Any CPU
		{7D9322ED-DEF8-42DE-9BD7-7AFBF8FBC92B}.Release|Any CPU.Deploy.0 = Release|Any CPU
		{7D9322ED-DEF8-42DE-9BD7-7AFBF8FBC92B}.Release|ARM.ActiveCfg = Release|Any CPU
		{7D9322ED-DEF8-42DE-9BD7-7AFBF8FBC92B}.Release|ARM.Build.0 = Release|Any CPU
		{7D9322ED-DEF8-42DE-9BD7-7AFBF8FBC92B}.Release|ARM.Deploy.0 = Release|Any CPU
		{7D9322ED-DEF8-42DE-9BD7-7AFBF8FBC92B}.Release|iPhone.ActiveCfg = Release|Any CPU
		{7D9322ED-DEF8-42DE-9BD7-7AFBF8FBC92B}.Release|iPhone.Build.0 = Release|Any CPU
		{7D9322ED-DEF8-42DE-9BD7-7AFBF8FBC92B}.Release|iPhone.Deploy.0 = Release|Any CPU
		{7D9322ED-DEF8-42DE-9BD7-7AFBF8FBC92B}.Release|iPhoneSimulator.ActiveCfg = Release|Any CPU
		{7D9322ED-DEF8-42DE-9BD7-7AFBF8FBC92B}.Release|iPhoneSimulator.Build.0 = Release|Any CPU
		{7D9322ED-DEF8-42DE-9BD7-7AFBF8FBC92B}.Release|iPhoneSimulator.Deploy.0 = Release|Any CPU
		{7D9322ED-DEF8-42DE-9BD7-7AFBF8FBC92B}.Release|x64.ActiveCfg = Release|Any CPU
		{7D9322ED-DEF8-42DE-9BD7-7AFBF8FBC92B}.Release|x64.Build.0 = Release|Any CPU
		{7D9322ED-DEF8-42DE-9BD7-7AFBF8FBC92B}.Release|x64.Deploy.0 = Release|Any CPU
		{7D9322ED-DEF8-42DE-9BD7-7AFBF8FBC92B}.Release|x86.ActiveCfg = Release|Any CPU
		{7D9322ED-DEF8-42DE-9BD7-7AFBF8FBC92B}.Release|x86.Build.0 = Release|Any CPU
		{7D9322ED-DEF8-42DE-9BD7-7AFBF8FBC92B}.Release|x86.Deploy.0 = Release|Any CPU
		{27EA3C65-A193-4CBD-9AD2-1E0BDAB0C922}.Ad-Hoc|Any CPU.ActiveCfg = Release|Any CPU
		{27EA3C65-A193-4CBD-9AD2-1E0BDAB0C922}.Ad-Hoc|Any CPU.Build.0 = Release|Any CPU
		{27EA3C65-A193-4CBD-9AD2-1E0BDAB0C922}.Ad-Hoc|ARM.ActiveCfg = Release|Any CPU
		{27EA3C65-A193-4CBD-9AD2-1E0BDAB0C922}.Ad-Hoc|ARM.Build.0 = Release|Any CPU
		{27EA3C65-A193-4CBD-9AD2-1E0BDAB0C922}.Ad-Hoc|iPhone.ActiveCfg = Release|Any CPU
		{27EA3C65-A193-4CBD-9AD2-1E0BDAB0C922}.Ad-Hoc|iPhone.Build.0 = Release|Any CPU
		{27EA3C65-A193-4CBD-9AD2-1E0BDAB0C922}.Ad-Hoc|iPhoneSimulator.ActiveCfg = Release|Any CPU
		{27EA3C65-A193-4CBD-9AD2-1E0BDAB0C922}.Ad-Hoc|iPhoneSimulator.Build.0 = Release|Any CPU
		{27EA3C65-A193-4CBD-9AD2-1E0BDAB0C922}.Ad-Hoc|x64.ActiveCfg = Release|Any CPU
		{27EA3C65-A193-4CBD-9AD2-1E0BDAB0C922}.Ad-Hoc|x64.Build.0 = Release|Any CPU
		{27EA3C65-A193-4CBD-9AD2-1E0BDAB0C922}.Ad-Hoc|x86.ActiveCfg = Release|Any CPU
		{27EA3C65-A193-4CBD-9AD2-1E0BDAB0C922}.Ad-Hoc|x86.Build.0 = Release|Any CPU
		{27EA3C65-A193-4CBD-9AD2-1E0BDAB0C922}.AppStore|Any CPU.ActiveCfg = Release|Any CPU
		{27EA3C65-A193-4CBD-9AD2-1E0BDAB0C922}.AppStore|Any CPU.Build.0 = Release|Any CPU
		{27EA3C65-A193-4CBD-9AD2-1E0BDAB0C922}.AppStore|ARM.ActiveCfg = Release|Any CPU
		{27EA3C65-A193-4CBD-9AD2-1E0BDAB0C922}.AppStore|ARM.Build.0 = Release|Any CPU
		{27EA3C65-A193-4CBD-9AD2-1E0BDAB0C922}.AppStore|iPhone.ActiveCfg = Release|Any CPU
		{27EA3C65-A193-4CBD-9AD2-1E0BDAB0C922}.AppStore|iPhone.Build.0 = Release|Any CPU
		{27EA3C65-A193-4CBD-9AD2-1E0BDAB0C922}.AppStore|iPhoneSimulator.ActiveCfg = Release|Any CPU
		{27EA3C65-A193-4CBD-9AD2-1E0BDAB0C922}.AppStore|iPhoneSimulator.Build.0 = Release|Any CPU
		{27EA3C65-A193-4CBD-9AD2-1E0BDAB0C922}.AppStore|x64.ActiveCfg = Release|Any CPU
		{27EA3C65-A193-4CBD-9AD2-1E0BDAB0C922}.AppStore|x64.Build.0 = Release|Any CPU
		{27EA3C65-A193-4CBD-9AD2-1E0BDAB0C922}.AppStore|x86.ActiveCfg = Release|Any CPU
		{27EA3C65-A193-4CBD-9AD2-1E0BDAB0C922}.AppStore|x86.Build.0 = Release|Any CPU
		{27EA3C65-A193-4CBD-9AD2-1E0BDAB0C922}.Debug|Any CPU.ActiveCfg = Debug|Any CPU
		{27EA3C65-A193-4CBD-9AD2-1E0BDAB0C922}.Debug|Any CPU.Build.0 = Debug|Any CPU
		{27EA3C65-A193-4CBD-9AD2-1E0BDAB0C922}.Debug|ARM.ActiveCfg = Debug|Any CPU
		{27EA3C65-A193-4CBD-9AD2-1E0BDAB0C922}.Debug|ARM.Build.0 = Debug|Any CPU
		{27EA3C65-A193-4CBD-9AD2-1E0BDAB0C922}.Debug|iPhone.ActiveCfg = Debug|Any CPU
		{27EA3C65-A193-4CBD-9AD2-1E0BDAB0C922}.Debug|iPhone.Build.0 = Debug|Any CPU
		{27EA3C65-A193-4CBD-9AD2-1E0BDAB0C922}.Debug|iPhoneSimulator.ActiveCfg = Debug|Any CPU
		{27EA3C65-A193-4CBD-9AD2-1E0BDAB0C922}.Debug|iPhoneSimulator.Build.0 = Debug|Any CPU
		{27EA3C65-A193-4CBD-9AD2-1E0BDAB0C922}.Debug|x64.ActiveCfg = Debug|Any CPU
		{27EA3C65-A193-4CBD-9AD2-1E0BDAB0C922}.Debug|x64.Build.0 = Debug|Any CPU
		{27EA3C65-A193-4CBD-9AD2-1E0BDAB0C922}.Debug|x86.ActiveCfg = Debug|Any CPU
		{27EA3C65-A193-4CBD-9AD2-1E0BDAB0C922}.Debug|x86.Build.0 = Debug|Any CPU
		{27EA3C65-A193-4CBD-9AD2-1E0BDAB0C922}.Release|Any CPU.ActiveCfg = Release|Any CPU
		{27EA3C65-A193-4CBD-9AD2-1E0BDAB0C922}.Release|Any CPU.Build.0 = Release|Any CPU
		{27EA3C65-A193-4CBD-9AD2-1E0BDAB0C922}.Release|ARM.ActiveCfg = Release|Any CPU
		{27EA3C65-A193-4CBD-9AD2-1E0BDAB0C922}.Release|ARM.Build.0 = Release|Any CPU
		{27EA3C65-A193-4CBD-9AD2-1E0BDAB0C922}.Release|iPhone.ActiveCfg = Release|Any CPU
		{27EA3C65-A193-4CBD-9AD2-1E0BDAB0C922}.Release|iPhone.Build.0 = Release|Any CPU
		{27EA3C65-A193-4CBD-9AD2-1E0BDAB0C922}.Release|iPhoneSimulator.ActiveCfg = Release|Any CPU
		{27EA3C65-A193-4CBD-9AD2-1E0BDAB0C922}.Release|iPhoneSimulator.Build.0 = Release|Any CPU
		{27EA3C65-A193-4CBD-9AD2-1E0BDAB0C922}.Release|x64.ActiveCfg = Release|Any CPU
		{27EA3C65-A193-4CBD-9AD2-1E0BDAB0C922}.Release|x64.Build.0 = Release|Any CPU
		{27EA3C65-A193-4CBD-9AD2-1E0BDAB0C922}.Release|x86.ActiveCfg = Release|Any CPU
		{27EA3C65-A193-4CBD-9AD2-1E0BDAB0C922}.Release|x86.Build.0 = Release|Any CPU
		{5103F62B-4783-40B6-A038-8BE7EB1D8FB3}.Ad-Hoc|Any CPU.ActiveCfg = Release|x86
		{5103F62B-4783-40B6-A038-8BE7EB1D8FB3}.Ad-Hoc|Any CPU.Build.0 = Release|x86
		{5103F62B-4783-40B6-A038-8BE7EB1D8FB3}.Ad-Hoc|Any CPU.Deploy.0 = Release|x86
		{5103F62B-4783-40B6-A038-8BE7EB1D8FB3}.Ad-Hoc|ARM.ActiveCfg = Release|ARM
		{5103F62B-4783-40B6-A038-8BE7EB1D8FB3}.Ad-Hoc|ARM.Build.0 = Release|ARM
		{5103F62B-4783-40B6-A038-8BE7EB1D8FB3}.Ad-Hoc|ARM.Deploy.0 = Release|ARM
		{5103F62B-4783-40B6-A038-8BE7EB1D8FB3}.Ad-Hoc|iPhone.ActiveCfg = Release|x86
		{5103F62B-4783-40B6-A038-8BE7EB1D8FB3}.Ad-Hoc|iPhone.Build.0 = Release|x86
		{5103F62B-4783-40B6-A038-8BE7EB1D8FB3}.Ad-Hoc|iPhone.Deploy.0 = Release|x86
		{5103F62B-4783-40B6-A038-8BE7EB1D8FB3}.Ad-Hoc|iPhoneSimulator.ActiveCfg = Release|x86
		{5103F62B-4783-40B6-A038-8BE7EB1D8FB3}.Ad-Hoc|iPhoneSimulator.Build.0 = Release|x86
		{5103F62B-4783-40B6-A038-8BE7EB1D8FB3}.Ad-Hoc|iPhoneSimulator.Deploy.0 = Release|x86
		{5103F62B-4783-40B6-A038-8BE7EB1D8FB3}.Ad-Hoc|x64.ActiveCfg = Release|x64
		{5103F62B-4783-40B6-A038-8BE7EB1D8FB3}.Ad-Hoc|x64.Build.0 = Release|x64
		{5103F62B-4783-40B6-A038-8BE7EB1D8FB3}.Ad-Hoc|x64.Deploy.0 = Release|x64
		{5103F62B-4783-40B6-A038-8BE7EB1D8FB3}.Ad-Hoc|x86.ActiveCfg = Release|x86
		{5103F62B-4783-40B6-A038-8BE7EB1D8FB3}.Ad-Hoc|x86.Build.0 = Release|x86
		{5103F62B-4783-40B6-A038-8BE7EB1D8FB3}.Ad-Hoc|x86.Deploy.0 = Release|x86
		{5103F62B-4783-40B6-A038-8BE7EB1D8FB3}.AppStore|Any CPU.ActiveCfg = Release|x86
		{5103F62B-4783-40B6-A038-8BE7EB1D8FB3}.AppStore|Any CPU.Build.0 = Release|x86
		{5103F62B-4783-40B6-A038-8BE7EB1D8FB3}.AppStore|Any CPU.Deploy.0 = Release|x86
		{5103F62B-4783-40B6-A038-8BE7EB1D8FB3}.AppStore|ARM.ActiveCfg = Release|ARM
		{5103F62B-4783-40B6-A038-8BE7EB1D8FB3}.AppStore|ARM.Build.0 = Release|ARM
		{5103F62B-4783-40B6-A038-8BE7EB1D8FB3}.AppStore|ARM.Deploy.0 = Release|ARM
		{5103F62B-4783-40B6-A038-8BE7EB1D8FB3}.AppStore|iPhone.ActiveCfg = Release|x86
		{5103F62B-4783-40B6-A038-8BE7EB1D8FB3}.AppStore|iPhone.Build.0 = Release|x86
		{5103F62B-4783-40B6-A038-8BE7EB1D8FB3}.AppStore|iPhone.Deploy.0 = Release|x86
		{5103F62B-4783-40B6-A038-8BE7EB1D8FB3}.AppStore|iPhoneSimulator.ActiveCfg = Release|x86
		{5103F62B-4783-40B6-A038-8BE7EB1D8FB3}.AppStore|iPhoneSimulator.Build.0 = Release|x86
		{5103F62B-4783-40B6-A038-8BE7EB1D8FB3}.AppStore|iPhoneSimulator.Deploy.0 = Release|x86
		{5103F62B-4783-40B6-A038-8BE7EB1D8FB3}.AppStore|x64.ActiveCfg = Release|x64
		{5103F62B-4783-40B6-A038-8BE7EB1D8FB3}.AppStore|x64.Build.0 = Release|x64
		{5103F62B-4783-40B6-A038-8BE7EB1D8FB3}.AppStore|x64.Deploy.0 = Release|x64
		{5103F62B-4783-40B6-A038-8BE7EB1D8FB3}.AppStore|x86.ActiveCfg = Release|x86
		{5103F62B-4783-40B6-A038-8BE7EB1D8FB3}.AppStore|x86.Build.0 = Release|x86
		{5103F62B-4783-40B6-A038-8BE7EB1D8FB3}.AppStore|x86.Deploy.0 = Release|x86
		{5103F62B-4783-40B6-A038-8BE7EB1D8FB3}.Debug|Any CPU.ActiveCfg = Debug|x86
		{5103F62B-4783-40B6-A038-8BE7EB1D8FB3}.Debug|Any CPU.Build.0 = Debug|x86
		{5103F62B-4783-40B6-A038-8BE7EB1D8FB3}.Debug|Any CPU.Deploy.0 = Debug|x86
		{5103F62B-4783-40B6-A038-8BE7EB1D8FB3}.Debug|ARM.ActiveCfg = Debug|ARM
		{5103F62B-4783-40B6-A038-8BE7EB1D8FB3}.Debug|ARM.Build.0 = Debug|ARM
		{5103F62B-4783-40B6-A038-8BE7EB1D8FB3}.Debug|ARM.Deploy.0 = Debug|ARM
		{5103F62B-4783-40B6-A038-8BE7EB1D8FB3}.Debug|iPhone.ActiveCfg = Debug|x86
		{5103F62B-4783-40B6-A038-8BE7EB1D8FB3}.Debug|iPhoneSimulator.ActiveCfg = Debug|x86
		{5103F62B-4783-40B6-A038-8BE7EB1D8FB3}.Debug|x64.ActiveCfg = Debug|x64
		{5103F62B-4783-40B6-A038-8BE7EB1D8FB3}.Debug|x64.Build.0 = Debug|x64
		{5103F62B-4783-40B6-A038-8BE7EB1D8FB3}.Debug|x64.Deploy.0 = Debug|x64
		{5103F62B-4783-40B6-A038-8BE7EB1D8FB3}.Debug|x86.ActiveCfg = Debug|x86
		{5103F62B-4783-40B6-A038-8BE7EB1D8FB3}.Debug|x86.Build.0 = Debug|x86
		{5103F62B-4783-40B6-A038-8BE7EB1D8FB3}.Debug|x86.Deploy.0 = Debug|x86
		{5103F62B-4783-40B6-A038-8BE7EB1D8FB3}.Release|Any CPU.ActiveCfg = Release|x86
		{5103F62B-4783-40B6-A038-8BE7EB1D8FB3}.Release|ARM.ActiveCfg = Release|ARM
		{5103F62B-4783-40B6-A038-8BE7EB1D8FB3}.Release|ARM.Build.0 = Release|ARM
		{5103F62B-4783-40B6-A038-8BE7EB1D8FB3}.Release|ARM.Deploy.0 = Release|ARM
		{5103F62B-4783-40B6-A038-8BE7EB1D8FB3}.Release|iPhone.ActiveCfg = Release|x86
		{5103F62B-4783-40B6-A038-8BE7EB1D8FB3}.Release|iPhoneSimulator.ActiveCfg = Release|x86
		{5103F62B-4783-40B6-A038-8BE7EB1D8FB3}.Release|x64.ActiveCfg = Release|x64
		{5103F62B-4783-40B6-A038-8BE7EB1D8FB3}.Release|x64.Build.0 = Release|x64
		{5103F62B-4783-40B6-A038-8BE7EB1D8FB3}.Release|x64.Deploy.0 = Release|x64
		{5103F62B-4783-40B6-A038-8BE7EB1D8FB3}.Release|x86.ActiveCfg = Release|x86
		{5103F62B-4783-40B6-A038-8BE7EB1D8FB3}.Release|x86.Build.0 = Release|x86
		{5103F62B-4783-40B6-A038-8BE7EB1D8FB3}.Release|x86.Deploy.0 = Release|x86
		{06D3CBAC-92BF-4942-A125-122F9B704DEC}.Ad-Hoc|Any CPU.ActiveCfg = Ad-Hoc|iPhone
		{06D3CBAC-92BF-4942-A125-122F9B704DEC}.Ad-Hoc|ARM.ActiveCfg = Ad-Hoc|iPhone
		{06D3CBAC-92BF-4942-A125-122F9B704DEC}.Ad-Hoc|iPhone.ActiveCfg = Ad-Hoc|iPhone
		{06D3CBAC-92BF-4942-A125-122F9B704DEC}.Ad-Hoc|iPhone.Build.0 = Ad-Hoc|iPhone
		{06D3CBAC-92BF-4942-A125-122F9B704DEC}.Ad-Hoc|iPhoneSimulator.ActiveCfg = Ad-Hoc|iPhoneSimulator
		{06D3CBAC-92BF-4942-A125-122F9B704DEC}.Ad-Hoc|iPhoneSimulator.Build.0 = Ad-Hoc|iPhoneSimulator
		{06D3CBAC-92BF-4942-A125-122F9B704DEC}.Ad-Hoc|x64.ActiveCfg = Ad-Hoc|iPhone
		{06D3CBAC-92BF-4942-A125-122F9B704DEC}.Ad-Hoc|x86.ActiveCfg = Ad-Hoc|iPhone
		{06D3CBAC-92BF-4942-A125-122F9B704DEC}.AppStore|Any CPU.ActiveCfg = AppStore|iPhone
		{06D3CBAC-92BF-4942-A125-122F9B704DEC}.AppStore|ARM.ActiveCfg = AppStore|iPhone
		{06D3CBAC-92BF-4942-A125-122F9B704DEC}.AppStore|iPhone.ActiveCfg = AppStore|iPhone
		{06D3CBAC-92BF-4942-A125-122F9B704DEC}.AppStore|iPhone.Build.0 = AppStore|iPhone
		{06D3CBAC-92BF-4942-A125-122F9B704DEC}.AppStore|iPhoneSimulator.ActiveCfg = AppStore|iPhoneSimulator
		{06D3CBAC-92BF-4942-A125-122F9B704DEC}.AppStore|iPhoneSimulator.Build.0 = AppStore|iPhoneSimulator
		{06D3CBAC-92BF-4942-A125-122F9B704DEC}.AppStore|x64.ActiveCfg = AppStore|iPhone
		{06D3CBAC-92BF-4942-A125-122F9B704DEC}.AppStore|x86.ActiveCfg = AppStore|iPhone
		{06D3CBAC-92BF-4942-A125-122F9B704DEC}.Debug|Any CPU.ActiveCfg = Debug|iPhoneSimulator
		{06D3CBAC-92BF-4942-A125-122F9B704DEC}.Debug|Any CPU.Build.0 = Debug|iPhoneSimulator
		{06D3CBAC-92BF-4942-A125-122F9B704DEC}.Debug|ARM.ActiveCfg = Debug|iPhone
		{06D3CBAC-92BF-4942-A125-122F9B704DEC}.Debug|iPhone.ActiveCfg = Debug|iPhone
		{06D3CBAC-92BF-4942-A125-122F9B704DEC}.Debug|iPhone.Build.0 = Debug|iPhone
		{06D3CBAC-92BF-4942-A125-122F9B704DEC}.Debug|iPhoneSimulator.ActiveCfg = Debug|iPhoneSimulator
		{06D3CBAC-92BF-4942-A125-122F9B704DEC}.Debug|iPhoneSimulator.Build.0 = Debug|iPhoneSimulator
		{06D3CBAC-92BF-4942-A125-122F9B704DEC}.Debug|x64.ActiveCfg = Debug|iPhone
		{06D3CBAC-92BF-4942-A125-122F9B704DEC}.Debug|x86.ActiveCfg = Debug|iPhone
		{06D3CBAC-92BF-4942-A125-122F9B704DEC}.Release|Any CPU.ActiveCfg = Release|iPhone
		{06D3CBAC-92BF-4942-A125-122F9B704DEC}.Release|ARM.ActiveCfg = Release|iPhone
		{06D3CBAC-92BF-4942-A125-122F9B704DEC}.Release|iPhone.ActiveCfg = Release|iPhone
		{06D3CBAC-92BF-4942-A125-122F9B704DEC}.Release|iPhone.Build.0 = Release|iPhone
		{06D3CBAC-92BF-4942-A125-122F9B704DEC}.Release|iPhoneSimulator.ActiveCfg = Release|iPhoneSimulator
		{06D3CBAC-92BF-4942-A125-122F9B704DEC}.Release|iPhoneSimulator.Build.0 = Release|iPhoneSimulator
		{06D3CBAC-92BF-4942-A125-122F9B704DEC}.Release|x64.ActiveCfg = Release|iPhone
		{06D3CBAC-92BF-4942-A125-122F9B704DEC}.Release|x86.ActiveCfg = Release|iPhone
	EndGlobalSection
	GlobalSection(SolutionProperties) = preSolution
		HideSolutionNode = FALSE
	EndGlobalSection
EndGlobal
